// !$*UTF8*$!
{
	archiveVersion = 1;
	classes = {
	};
	objectVersion = 77;
	objects = {

/* Begin PBXBuildFile section */
		821C9E99E1A428AD6C080670 /* Pods_MuzakTunesTests.framework in Frameworks */ = {isa = PBXBuildFile; fileRef = 7E6FA3E2709BAD4DAF5DBBA7 /* Pods_MuzakTunesTests.framework */; };
		8333D8D45A963DF2D36210D4 /* Pods_MuzakTunes.framework in Frameworks */ = {isa = PBXBuildFile; fileRef = 12D57E0293A7BA8B957CF183 /* Pods_MuzakTunes.framework */; };
		98C416647DF150B4FB2A3431 /* Pods_MuzakTunes_MuzakTunesUITests.framework in Frameworks */ = {isa = PBXBuildFile; fileRef = 96BF284CDB0DBEDCB2F43866 /* Pods_MuzakTunes_MuzakTunesUITests.framework */; };
/* End PBXBuildFile section */

/* Begin PBXContainerItemProxy section */
		EE0B318F2D80D0D600DB0EC0 /* PBXContainerItemProxy */ = {
			isa = PBXContainerItemProxy;
			containerPortal = EE0B31752D80D0D500DB0EC0 /* Project object */;
			proxyType = 1;
			remoteGlobalIDString = EE0B317C2D80D0D500DB0EC0;
			remoteInfo = MuzakTunes;
		};
		EE0B31992D80D0D600DB0EC0 /* PBXContainerItemProxy */ = {
			isa = PBXContainerItemProxy;
			containerPortal = EE0B31752D80D0D500DB0EC0 /* Project object */;
			proxyType = 1;
			remoteGlobalIDString = EE0B317C2D80D0D500DB0EC0;
			remoteInfo = MuzakTunes;
		};
/* End PBXContainerItemProxy section */

/* Begin PBXFileReference section */
		12D57E0293A7BA8B957CF183 /* Pods_MuzakTunes.framework */ = {isa = PBXFileReference; explicitFileType = wrapper.framework; includeInIndex = 0; path = Pods_MuzakTunes.framework; sourceTree = BUILT_PRODUCTS_DIR; };
		271AC82475FAA1865B45D3A1 /* Pods-MuzakTunesTests.debug.xcconfig */ = {isa = PBXFileReference; includeInIndex = 1; lastKnownFileType = text.xcconfig; name = "Pods-MuzakTunesTests.debug.xcconfig"; path = "Target Support Files/Pods-MuzakTunesTests/Pods-MuzakTunesTests.debug.xcconfig"; sourceTree = "<group>"; };
		37FB4470A88C2C0787BC0753 /* Pods-MuzakTunes-MuzakTunesUITests.release.xcconfig */ = {isa = PBXFileReference; includeInIndex = 1; lastKnownFileType = text.xcconfig; name = "Pods-MuzakTunes-MuzakTunesUITests.release.xcconfig"; path = "Target Support Files/Pods-MuzakTunes-MuzakTunesUITests/Pods-MuzakTunes-MuzakTunesUITests.release.xcconfig"; sourceTree = "<group>"; };
		5087CCDE1878213CC9B5CA17 /* Pods-MuzakTunes.release.xcconfig */ = {isa = PBXFileReference; includeInIndex = 1; lastKnownFileType = text.xcconfig; name = "Pods-MuzakTunes.release.xcconfig"; path = "Target Support Files/Pods-MuzakTunes/Pods-MuzakTunes.release.xcconfig"; sourceTree = "<group>"; };
		7E6FA3E2709BAD4DAF5DBBA7 /* Pods_MuzakTunesTests.framework */ = {isa = PBXFileReference; explicitFileType = wrapper.framework; includeInIndex = 0; path = Pods_MuzakTunesTests.framework; sourceTree = BUILT_PRODUCTS_DIR; };
		96BF284CDB0DBEDCB2F43866 /* Pods_MuzakTunes_MuzakTunesUITests.framework */ = {isa = PBXFileReference; explicitFileType = wrapper.framework; includeInIndex = 0; path = Pods_MuzakTunes_MuzakTunesUITests.framework; sourceTree = BUILT_PRODUCTS_DIR; };
		AA3EF997083E2D6690C4A5DE /* Pods-MuzakTunes.debug.xcconfig */ = {isa = PBXFileReference; includeInIndex = 1; lastKnownFileType = text.xcconfig; name = "Pods-MuzakTunes.debug.xcconfig"; path = "Target Support Files/Pods-MuzakTunes/Pods-MuzakTunes.debug.xcconfig"; sourceTree = "<group>"; };
		AA8AE60275BEC902F81630B5 /* Pods-MuzakTunesTests.release.xcconfig */ = {isa = PBXFileReference; includeInIndex = 1; lastKnownFileType = text.xcconfig; name = "Pods-MuzakTunesTests.release.xcconfig"; path = "Target Support Files/Pods-MuzakTunesTests/Pods-MuzakTunesTests.release.xcconfig"; sourceTree = "<group>"; };
		CD652D633FD427C7F7E53D51 /* Pods-MuzakTunes-MuzakTunesUITests.debug.xcconfig */ = {isa = PBXFileReference; includeInIndex = 1; lastKnownFileType = text.xcconfig; name = "Pods-MuzakTunes-MuzakTunesUITests.debug.xcconfig"; path = "Target Support Files/Pods-MuzakTunes-MuzakTunesUITests/Pods-MuzakTunes-MuzakTunesUITests.debug.xcconfig"; sourceTree = "<group>"; };
		EE0B317D2D80D0D500DB0EC0 /* MuzakTunes.app */ = {isa = PBXFileReference; explicitFileType = wrapper.application; includeInIndex = 0; path = MuzakTunes.app; sourceTree = BUILT_PRODUCTS_DIR; };
		EE0B318E2D80D0D600DB0EC0 /* MuzakTunesTests.xctest */ = {isa = PBXFileReference; explicitFileType = wrapper.cfbundle; includeInIndex = 0; path = MuzakTunesTests.xctest; sourceTree = BUILT_PRODUCTS_DIR; };
		EE0B31982D80D0D600DB0EC0 /* MuzakTunesUITests.xctest */ = {isa = PBXFileReference; explicitFileType = wrapper.cfbundle; includeInIndex = 0; path = MuzakTunesUITests.xctest; sourceTree = BUILT_PRODUCTS_DIR; };
/* End PBXFileReference section */

/* Begin PBXFileSystemSynchronizedRootGroup section */
		EE0B317F2D80D0D500DB0EC0 /* MuzakTunes */ = {
			isa = PBXFileSystemSynchronizedRootGroup;
			exceptions = (
			);
			path = MuzakTunes;
			sourceTree = "<group>";
		};
		EE0B31912D80D0D600DB0EC0 /* MuzakTunesTests */ = {
			isa = PBXFileSystemSynchronizedRootGroup;
			exceptions = (
			);
			path = MuzakTunesTests;
			sourceTree = "<group>";
		};
		EE0B319B2D80D0D600DB0EC0 /* MuzakTunesUITests */ = {
			isa = PBXFileSystemSynchronizedRootGroup;
			exceptions = (
			);
			path = MuzakTunesUITests;
			sourceTree = "<group>";
		};
/* End PBXFileSystemSynchronizedRootGroup section */

/* Begin PBXFrameworksBuildPhase section */
		EE0B317A2D80D0D500DB0EC0 /* Frameworks */ = {
			isa = PBXFrameworksBuildPhase;
			buildActionMask = 2147483647;
			files = (
				8333D8D45A963DF2D36210D4 /* Pods_MuzakTunes.framework in Frameworks */,
			);
			runOnlyForDeploymentPostprocessing = 0;
		};
		EE0B318B2D80D0D600DB0EC0 /* Frameworks */ = {
			isa = PBXFrameworksBuildPhase;
			buildActionMask = 2147483647;
			files = (
				821C9E99E1A428AD6C080670 /* Pods_MuzakTunesTests.framework in Frameworks */,
			);
			runOnlyForDeploymentPostprocessing = 0;
		};
		EE0B31952D80D0D600DB0EC0 /* Frameworks */ = {
			isa = PBXFrameworksBuildPhase;
			buildActionMask = 2147483647;
			files = (
				98C416647DF150B4FB2A3431 /* Pods_MuzakTunes_MuzakTunesUITests.framework in Frameworks */,
			);
			runOnlyForDeploymentPostprocessing = 0;
		};
/* End PBXFrameworksBuildPhase section */

/* Begin PBXGroup section */
		CE6B8D43233CC9F277792A77 /* Frameworks */ = {
			isa = PBXGroup;
			children = (
				12D57E0293A7BA8B957CF183 /* Pods_MuzakTunes.framework */,
				96BF284CDB0DBEDCB2F43866 /* Pods_MuzakTunes_MuzakTunesUITests.framework */,
				7E6FA3E2709BAD4DAF5DBBA7 /* Pods_MuzakTunesTests.framework */,
			);
			name = Frameworks;
			sourceTree = "<group>";
		};
		DAD7095AF87124E3A4244421 /* Pods */ = {
			isa = PBXGroup;
			children = (
				AA3EF997083E2D6690C4A5DE /* Pods-MuzakTunes.debug.xcconfig */,
				5087CCDE1878213CC9B5CA17 /* Pods-MuzakTunes.release.xcconfig */,
				CD652D633FD427C7F7E53D51 /* Pods-MuzakTunes-MuzakTunesUITests.debug.xcconfig */,
				37FB4470A88C2C0787BC0753 /* Pods-MuzakTunes-MuzakTunesUITests.release.xcconfig */,
				271AC82475FAA1865B45D3A1 /* Pods-MuzakTunesTests.debug.xcconfig */,
				AA8AE60275BEC902F81630B5 /* Pods-MuzakTunesTests.release.xcconfig */,
			);
			name = Pods;
			path = Pods;
			sourceTree = "<group>";
		};
		EE0B31742D80D0D500DB0EC0 = {
			isa = PBXGroup;
			children = (
				EE0B317F2D80D0D500DB0EC0 /* MuzakTunes */,
				EE0B31912D80D0D600DB0EC0 /* MuzakTunesTests */,
				EE0B319B2D80D0D600DB0EC0 /* MuzakTunesUITests */,
				EE0B317E2D80D0D500DB0EC0 /* Products */,
				DAD7095AF87124E3A4244421 /* Pods */,
				CE6B8D43233CC9F277792A77 /* Frameworks */,
			);
			sourceTree = "<group>";
		};
		EE0B317E2D80D0D500DB0EC0 /* Products */ = {
			isa = PBXGroup;
			children = (
				EE0B317D2D80D0D500DB0EC0 /* MuzakTunes.app */,
				EE0B318E2D80D0D600DB0EC0 /* MuzakTunesTests.xctest */,
				EE0B31982D80D0D600DB0EC0 /* MuzakTunesUITests.xctest */,
			);
			name = Products;
			sourceTree = "<group>";
		};
/* End PBXGroup section */

/* Begin PBXNativeTarget section */
		EE0B317C2D80D0D500DB0EC0 /* MuzakTunes */ = {
			isa = PBXNativeTarget;
			buildConfigurationList = EE0B31A22D80D0D600DB0EC0 /* Build configuration list for PBXNativeTarget "MuzakTunes" */;
			buildPhases = (
				24F4AD65A052025BE860B043 /* [CP] Check Pods Manifest.lock */,
				EE0B31792D80D0D500DB0EC0 /* Sources */,
				EE0B317A2D80D0D500DB0EC0 /* Frameworks */,
				EE0B317B2D80D0D500DB0EC0 /* Resources */,
				BDEA891BDE2231320862E92A /* [CP] Embed Pods Frameworks */,
			);
			buildRules = (
			);
			dependencies = (
			);
			fileSystemSynchronizedGroups = (
				EE0B317F2D80D0D500DB0EC0 /* MuzakTunes */,
			);
			name = MuzakTunes;
			productName = MuzakTunes;
			productReference = EE0B317D2D80D0D500DB0EC0 /* MuzakTunes.app */;
			productType = "com.apple.product-type.application";
		};
		EE0B318D2D80D0D600DB0EC0 /* MuzakTunesTests */ = {
			isa = PBXNativeTarget;
			buildConfigurationList = EE0B31A52D80D0D600DB0EC0 /* Build configuration list for PBXNativeTarget "MuzakTunesTests" */;
			buildPhases = (
				FE70C4B5CD20CDBD47B6A7CF /* [CP] Check Pods Manifest.lock */,
				EE0B318A2D80D0D600DB0EC0 /* Sources */,
				EE0B318B2D80D0D600DB0EC0 /* Frameworks */,
				EE0B318C2D80D0D600DB0EC0 /* Resources */,
			);
			buildRules = (
			);
			dependencies = (
				EE0B31902D80D0D600DB0EC0 /* PBXTargetDependency */,
			);
			fileSystemSynchronizedGroups = (
				EE0B31912D80D0D600DB0EC0 /* MuzakTunesTests */,
			);
			name = MuzakTunesTests;
			productName = MuzakTunesTests;
			productReference = EE0B318E2D80D0D600DB0EC0 /* MuzakTunesTests.xctest */;
			productType = "com.apple.product-type.bundle.unit-test";
		};
		EE0B31972D80D0D600DB0EC0 /* MuzakTunesUITests */ = {
			isa = PBXNativeTarget;
			buildConfigurationList = EE0B31A82D80D0D600DB0EC0 /* Build configuration list for PBXNativeTarget "MuzakTunesUITests" */;
			buildPhases = (
				F2BB5B040117498EF5F773BF /* [CP] Check Pods Manifest.lock */,
				EE0B31942D80D0D600DB0EC0 /* Sources */,
				EE0B31952D80D0D600DB0EC0 /* Frameworks */,
				EE0B31962D80D0D600DB0EC0 /* Resources */,
				6743E30E6E276C548DB43782 /* [CP] Embed Pods Frameworks */,
			);
			buildRules = (
			);
			dependencies = (
				EE0B319A2D80D0D600DB0EC0 /* PBXTargetDependency */,
			);
			fileSystemSynchronizedGroups = (
				EE0B319B2D80D0D600DB0EC0 /* MuzakTunesUITests */,
			);
			name = MuzakTunesUITests;
			productName = MuzakTunesUITests;
			productReference = EE0B31982D80D0D600DB0EC0 /* MuzakTunesUITests.xctest */;
			productType = "com.apple.product-type.bundle.ui-testing";
		};
/* End PBXNativeTarget section */

/* Begin PBXProject section */
		EE0B31752D80D0D500DB0EC0 /* Project object */ = {
			isa = PBXProject;
			attributes = {
				BuildIndependentTargetsInParallel = 1;
				LastSwiftUpdateCheck = 1620;
				LastUpgradeCheck = 1620;
				TargetAttributes = {
					EE0B317C2D80D0D500DB0EC0 = {
						CreatedOnToolsVersion = 16.2;
					};
					EE0B318D2D80D0D600DB0EC0 = {
						CreatedOnToolsVersion = 16.2;
						TestTargetID = EE0B317C2D80D0D500DB0EC0;
					};
					EE0B31972D80D0D600DB0EC0 = {
						CreatedOnToolsVersion = 16.2;
						TestTargetID = EE0B317C2D80D0D500DB0EC0;
					};
				};
			};
			buildConfigurationList = EE0B31782D80D0D500DB0EC0 /* Build configuration list for PBXProject "MuzakTunes" */;
			developmentRegion = en;
			hasScannedForEncodings = 0;
			knownRegions = (
				en,
				Base,
			);
			mainGroup = EE0B31742D80D0D500DB0EC0;
			minimizedProjectReferenceProxies = 1;
			preferredProjectObjectVersion = 77;
			productRefGroup = EE0B317E2D80D0D500DB0EC0 /* Products */;
			projectDirPath = "";
			projectRoot = "";
			targets = (
				EE0B317C2D80D0D500DB0EC0 /* MuzakTunes */,
				EE0B318D2D80D0D600DB0EC0 /* MuzakTunesTests */,
				EE0B31972D80D0D600DB0EC0 /* MuzakTunesUITests */,
			);
		};
/* End PBXProject section */

/* Begin PBXResourcesBuildPhase section */
		EE0B317B2D80D0D500DB0EC0 /* Resources */ = {
			isa = PBXResourcesBuildPhase;
			buildActionMask = 2147483647;
			files = (
			);
			runOnlyForDeploymentPostprocessing = 0;
		};
		EE0B318C2D80D0D600DB0EC0 /* Resources */ = {
			isa = PBXResourcesBuildPhase;
			buildActionMask = 2147483647;
			files = (
			);
			runOnlyForDeploymentPostprocessing = 0;
		};
		EE0B31962D80D0D600DB0EC0 /* Resources */ = {
			isa = PBXResourcesBuildPhase;
			buildActionMask = 2147483647;
			files = (
			);
			runOnlyForDeploymentPostprocessing = 0;
		};
/* End PBXResourcesBuildPhase section */

/* Begin PBXShellScriptBuildPhase section */
		24F4AD65A052025BE860B043 /* [CP] Check Pods Manifest.lock */ = {
			isa = PBXShellScriptBuildPhase;
			buildActionMask = 2147483647;
			files = (
			);
			inputFileListPaths = (
			);
			inputPaths = (
				"${PODS_PODFILE_DIR_PATH}/Podfile.lock",
				"${PODS_ROOT}/Manifest.lock",
			);
			name = "[CP] Check Pods Manifest.lock";
			outputFileListPaths = (
			);
			outputPaths = (
				"$(DERIVED_FILE_DIR)/Pods-MuzakTunes-checkManifestLockResult.txt",
			);
			runOnlyForDeploymentPostprocessing = 0;
			shellPath = /bin/sh;
			shellScript = "diff \"${PODS_PODFILE_DIR_PATH}/Podfile.lock\" \"${PODS_ROOT}/Manifest.lock\" > /dev/null\nif [ $? != 0 ] ; then\n    # print error to STDERR\n    echo \"error: The sandbox is not in sync with the Podfile.lock. Run 'pod install' or update your CocoaPods installation.\" >&2\n    exit 1\nfi\n# This output is used by Xcode 'outputs' to avoid re-running this script phase.\necho \"SUCCESS\" > \"${SCRIPT_OUTPUT_FILE_0}\"\n";
			showEnvVarsInLog = 0;
		};
		6743E30E6E276C548DB43782 /* [CP] Embed Pods Frameworks */ = {
			isa = PBXShellScriptBuildPhase;
			buildActionMask = 2147483647;
			files = (
			);
			inputFileListPaths = (
				"${PODS_ROOT}/Target Support Files/Pods-MuzakTunes-MuzakTunesUITests/Pods-MuzakTunes-MuzakTunesUITests-frameworks-${CONFIGURATION}-input-files.xcfilelist",
			);
			name = "[CP] Embed Pods Frameworks";
			outputFileListPaths = (
				"${PODS_ROOT}/Target Support Files/Pods-MuzakTunes-MuzakTunesUITests/Pods-MuzakTunes-MuzakTunesUITests-frameworks-${CONFIGURATION}-output-files.xcfilelist",
			);
			runOnlyForDeploymentPostprocessing = 0;
			shellPath = /bin/sh;
			shellScript = "\"${PODS_ROOT}/Target Support Files/Pods-MuzakTunes-MuzakTunesUITests/Pods-MuzakTunes-MuzakTunesUITests-frameworks.sh\"\n";
			showEnvVarsInLog = 0;
		};
		BDEA891BDE2231320862E92A /* [CP] Embed Pods Frameworks */ = {
			isa = PBXShellScriptBuildPhase;
			buildActionMask = 2147483647;
			files = (
			);
			inputFileListPaths = (
				"${PODS_ROOT}/Target Support Files/Pods-MuzakTunes/Pods-MuzakTunes-frameworks-${CONFIGURATION}-input-files.xcfilelist",
			);
			name = "[CP] Embed Pods Frameworks";
			outputFileListPaths = (
				"${PODS_ROOT}/Target Support Files/Pods-MuzakTunes/Pods-MuzakTunes-frameworks-${CONFIGURATION}-output-files.xcfilelist",
			);
			runOnlyForDeploymentPostprocessing = 0;
			shellPath = /bin/sh;
			shellScript = "\"${PODS_ROOT}/Target Support Files/Pods-MuzakTunes/Pods-MuzakTunes-frameworks.sh\"\n";
			showEnvVarsInLog = 0;
		};
		F2BB5B040117498EF5F773BF /* [CP] Check Pods Manifest.lock */ = {
			isa = PBXShellScriptBuildPhase;
			buildActionMask = 2147483647;
			files = (
			);
			inputFileListPaths = (
			);
			inputPaths = (
				"${PODS_PODFILE_DIR_PATH}/Podfile.lock",
				"${PODS_ROOT}/Manifest.lock",
			);
			name = "[CP] Check Pods Manifest.lock";
			outputFileListPaths = (
			);
			outputPaths = (
				"$(DERIVED_FILE_DIR)/Pods-MuzakTunes-MuzakTunesUITests-checkManifestLockResult.txt",
			);
			runOnlyForDeploymentPostprocessing = 0;
			shellPath = /bin/sh;
			shellScript = "diff \"${PODS_PODFILE_DIR_PATH}/Podfile.lock\" \"${PODS_ROOT}/Manifest.lock\" > /dev/null\nif [ $? != 0 ] ; then\n    # print error to STDERR\n    echo \"error: The sandbox is not in sync with the Podfile.lock. Run 'pod install' or update your CocoaPods installation.\" >&2\n    exit 1\nfi\n# This output is used by Xcode 'outputs' to avoid re-running this script phase.\necho \"SUCCESS\" > \"${SCRIPT_OUTPUT_FILE_0}\"\n";
			showEnvVarsInLog = 0;
		};
		FE70C4B5CD20CDBD47B6A7CF /* [CP] Check Pods Manifest.lock */ = {
			isa = PBXShellScriptBuildPhase;
			buildActionMask = 2147483647;
			files = (
			);
			inputFileListPaths = (
			);
			inputPaths = (
				"${PODS_PODFILE_DIR_PATH}/Podfile.lock",
				"${PODS_ROOT}/Manifest.lock",
			);
			name = "[CP] Check Pods Manifest.lock";
			outputFileListPaths = (
			);
			outputPaths = (
				"$(DERIVED_FILE_DIR)/Pods-MuzakTunesTests-checkManifestLockResult.txt",
			);
			runOnlyForDeploymentPostprocessing = 0;
			shellPath = /bin/sh;
			shellScript = "diff \"${PODS_PODFILE_DIR_PATH}/Podfile.lock\" \"${PODS_ROOT}/Manifest.lock\" > /dev/null\nif [ $? != 0 ] ; then\n    # print error to STDERR\n    echo \"error: The sandbox is not in sync with the Podfile.lock. Run 'pod install' or update your CocoaPods installation.\" >&2\n    exit 1\nfi\n# This output is used by Xcode 'outputs' to avoid re-running this script phase.\necho \"SUCCESS\" > \"${SCRIPT_OUTPUT_FILE_0}\"\n";
			showEnvVarsInLog = 0;
		};
/* End PBXShellScriptBuildPhase section */

/* Begin PBXSourcesBuildPhase section */
		EE0B31792D80D0D500DB0EC0 /* Sources */ = {
			isa = PBXSourcesBuildPhase;
			buildActionMask = 2147483647;
			files = (
			);
			runOnlyForDeploymentPostprocessing = 0;
		};
		EE0B318A2D80D0D600DB0EC0 /* Sources */ = {
			isa = PBXSourcesBuildPhase;
			buildActionMask = 2147483647;
			files = (
			);
			runOnlyForDeploymentPostprocessing = 0;
		};
		EE0B31942D80D0D600DB0EC0 /* Sources */ = {
			isa = PBXSourcesBuildPhase;
			buildActionMask = 2147483647;
			files = (
			);
			runOnlyForDeploymentPostprocessing = 0;
		};
/* End PBXSourcesBuildPhase section */

/* Begin PBXTargetDependency section */
		EE0B31902D80D0D600DB0EC0 /* PBXTargetDependency */ = {
			isa = PBXTargetDependency;
			target = EE0B317C2D80D0D500DB0EC0 /* MuzakTunes */;
			targetProxy = EE0B318F2D80D0D600DB0EC0 /* PBXContainerItemProxy */;
		};
		EE0B319A2D80D0D600DB0EC0 /* PBXTargetDependency */ = {
			isa = PBXTargetDependency;
			target = EE0B317C2D80D0D500DB0EC0 /* MuzakTunes */;
			targetProxy = EE0B31992D80D0D600DB0EC0 /* PBXContainerItemProxy */;
		};
/* End PBXTargetDependency section */

/* Begin XCBuildConfiguration section */
		EE0B31A02D80D0D600DB0EC0 /* Debug */ = {
			isa = XCBuildConfiguration;
			buildSettings = {
				ALWAYS_SEARCH_USER_PATHS = NO;
				ASSETCATALOG_COMPILER_GENERATE_SWIFT_ASSET_SYMBOL_EXTENSIONS = YES;
				CLANG_ANALYZER_NONNULL = YES;
				CLANG_ANALYZER_NUMBER_OBJECT_CONVERSION = YES_AGGRESSIVE;
				CLANG_CXX_LANGUAGE_STANDARD = "gnu++20";
				CLANG_ENABLE_MODULES = YES;
				CLANG_ENABLE_OBJC_ARC = YES;
				CLANG_ENABLE_OBJC_WEAK = YES;
				CLANG_WARN_BLOCK_CAPTURE_AUTORELEASING = YES;
				CLANG_WARN_BOOL_CONVERSION = YES;
				CLANG_WARN_COMMA = YES;
				CLANG_WARN_CONSTANT_CONVERSION = YES;
				CLANG_WARN_DEPRECATED_OBJC_IMPLEMENTATIONS = YES;
				CLANG_WARN_DIRECT_OBJC_ISA_USAGE = YES_ERROR;
				CLANG_WARN_DOCUMENTATION_COMMENTS = YES;
				CLANG_WARN_EMPTY_BODY = YES;
				CLANG_WARN_ENUM_CONVERSION = YES;
				CLANG_WARN_INFINITE_RECURSION = YES;
				CLANG_WARN_INT_CONVERSION = YES;
				CLANG_WARN_NON_LITERAL_NULL_CONVERSION = YES;
				CLANG_WARN_OBJC_IMPLICIT_RETAIN_SELF = YES;
				CLANG_WARN_OBJC_LITERAL_CONVERSION = YES;
				CLANG_WARN_OBJC_ROOT_CLASS = YES_ERROR;
				CLANG_WARN_QUOTED_INCLUDE_IN_FRAMEWORK_HEADER = YES;
				CLANG_WARN_RANGE_LOOP_ANALYSIS = YES;
				CLANG_WARN_STRICT_PROTOTYPES = YES;
				CLANG_WARN_SUSPICIOUS_MOVE = YES;
				CLANG_WARN_UNGUARDED_AVAILABILITY = YES_AGGRESSIVE;
				CLANG_WARN_UNREACHABLE_CODE = YES;
				CLANG_WARN__DUPLICATE_METHOD_MATCH = YES;
				COPY_PHASE_STRIP = NO;
				DEBUG_INFORMATION_FORMAT = dwarf;
				ENABLE_STRICT_OBJC_MSGSEND = YES;
				ENABLE_TESTABILITY = YES;
				ENABLE_USER_SCRIPT_SANDBOXING = YES;
				GCC_C_LANGUAGE_STANDARD = gnu17;
				GCC_DYNAMIC_NO_PIC = NO;
				GCC_NO_COMMON_BLOCKS = YES;
				GCC_OPTIMIZATION_LEVEL = 0;
				GCC_PREPROCESSOR_DEFINITIONS = (
					"DEBUG=1",
					"$(inherited)",
				);
				GCC_WARN_64_TO_32_BIT_CONVERSION = YES;
				GCC_WARN_ABOUT_RETURN_TYPE = YES_ERROR;
				GCC_WARN_UNDECLARED_SELECTOR = YES;
				GCC_WARN_UNINITIALIZED_AUTOS = YES_AGGRESSIVE;
				GCC_WARN_UNUSED_FUNCTION = YES;
				GCC_WARN_UNUSED_VARIABLE = YES;
				LOCALIZATION_PREFERS_STRING_CATALOGS = YES;
				MTL_ENABLE_DEBUG_INFO = INCLUDE_SOURCE;
				MTL_FAST_MATH = YES;
				ONLY_ACTIVE_ARCH = YES;
				SWIFT_ACTIVE_COMPILATION_CONDITIONS = "DEBUG $(inherited)";
				SWIFT_OPTIMIZATION_LEVEL = "-Onone";
			};
			name = Debug;
		};
		EE0B31A12D80D0D600DB0EC0 /* Release */ = {
			isa = XCBuildConfiguration;
			buildSettings = {
				ALWAYS_SEARCH_USER_PATHS = NO;
				ASSETCATALOG_COMPILER_GENERATE_SWIFT_ASSET_SYMBOL_EXTENSIONS = YES;
				CLANG_ANALYZER_NONNULL = YES;
				CLANG_ANALYZER_NUMBER_OBJECT_CONVERSION = YES_AGGRESSIVE;
				CLANG_CXX_LANGUAGE_STANDARD = "gnu++20";
				CLANG_ENABLE_MODULES = YES;
				CLANG_ENABLE_OBJC_ARC = YES;
				CLANG_ENABLE_OBJC_WEAK = YES;
				CLANG_WARN_BLOCK_CAPTURE_AUTORELEASING = YES;
				CLANG_WARN_BOOL_CONVERSION = YES;
				CLANG_WARN_COMMA = YES;
				CLANG_WARN_CONSTANT_CONVERSION = YES;
				CLANG_WARN_DEPRECATED_OBJC_IMPLEMENTATIONS = YES;
				CLANG_WARN_DIRECT_OBJC_ISA_USAGE = YES_ERROR;
				CLANG_WARN_DOCUMENTATION_COMMENTS = YES;
				CLANG_WARN_EMPTY_BODY = YES;
				CLANG_WARN_ENUM_CONVERSION = YES;
				CLANG_WARN_INFINITE_RECURSION = YES;
				CLANG_WARN_INT_CONVERSION = YES;
				CLANG_WARN_NON_LITERAL_NULL_CONVERSION = YES;
				CLANG_WARN_OBJC_IMPLICIT_RETAIN_SELF = YES;
				CLANG_WARN_OBJC_LITERAL_CONVERSION = YES;
				CLANG_WARN_OBJC_ROOT_CLASS = YES_ERROR;
				CLANG_WARN_QUOTED_INCLUDE_IN_FRAMEWORK_HEADER = YES;
				CLANG_WARN_RANGE_LOOP_ANALYSIS = YES;
				CLANG_WARN_STRICT_PROTOTYPES = YES;
				CLANG_WARN_SUSPICIOUS_MOVE = YES;
				CLANG_WARN_UNGUARDED_AVAILABILITY = YES_AGGRESSIVE;
				CLANG_WARN_UNREACHABLE_CODE = YES;
				CLANG_WARN__DUPLICATE_METHOD_MATCH = YES;
				COPY_PHASE_STRIP = NO;
				DEBUG_INFORMATION_FORMAT = "dwarf-with-dsym";
				ENABLE_NS_ASSERTIONS = NO;
				ENABLE_STRICT_OBJC_MSGSEND = YES;
				ENABLE_USER_SCRIPT_SANDBOXING = YES;
				GCC_C_LANGUAGE_STANDARD = gnu17;
				GCC_NO_COMMON_BLOCKS = YES;
				GCC_WARN_64_TO_32_BIT_CONVERSION = YES;
				GCC_WARN_ABOUT_RETURN_TYPE = YES_ERROR;
				GCC_WARN_UNDECLARED_SELECTOR = YES;
				GCC_WARN_UNINITIALIZED_AUTOS = YES_AGGRESSIVE;
				GCC_WARN_UNUSED_FUNCTION = YES;
				GCC_WARN_UNUSED_VARIABLE = YES;
				LOCALIZATION_PREFERS_STRING_CATALOGS = YES;
				MTL_ENABLE_DEBUG_INFO = NO;
				MTL_FAST_MATH = YES;
				SWIFT_COMPILATION_MODE = wholemodule;
			};
			name = Release;
		};
		EE0B31A32D80D0D600DB0EC0 /* Debug */ = {
			isa = XCBuildConfiguration;
			baseConfigurationReference = AA3EF997083E2D6690C4A5DE /* Pods-MuzakTunes.debug.xcconfig */;
			buildSettings = {
				ASSETCATALOG_COMPILER_APPICON_NAME = AppIcon;
				ASSETCATALOG_COMPILER_GLOBAL_ACCENT_COLOR_NAME = AccentColor;
				CODE_SIGN_ENTITLEMENTS = MuzakTunes/MuzakTunes.entitlements;
				CODE_SIGN_STYLE = Automatic;
				CURRENT_PROJECT_VERSION = 1;
				DEVELOPMENT_ASSET_PATHS = "\"MuzakTunes/Preview Content\"";
				DEVELOPMENT_TEAM = D4KW6R627K;
				ENABLE_HARDENED_RUNTIME = YES;
				ENABLE_PREVIEWS = YES;
				GENERATE_INFOPLIST_FILE = YES;
				"INFOPLIST_KEY_UIApplicationSceneManifest_Generation[sdk=iphoneos*]" = YES;
				"INFOPLIST_KEY_UIApplicationSceneManifest_Generation[sdk=iphonesimulator*]" = YES;
				"INFOPLIST_KEY_UIApplicationSupportsIndirectInputEvents[sdk=iphoneos*]" = YES;
				"INFOPLIST_KEY_UIApplicationSupportsIndirectInputEvents[sdk=iphonesimulator*]" = YES;
				"INFOPLIST_KEY_UILaunchScreen_Generation[sdk=iphoneos*]" = YES;
				"INFOPLIST_KEY_UILaunchScreen_Generation[sdk=iphonesimulator*]" = YES;
				"INFOPLIST_KEY_UIStatusBarStyle[sdk=iphoneos*]" = UIStatusBarStyleDefault;
				"INFOPLIST_KEY_UIStatusBarStyle[sdk=iphonesimulator*]" = UIStatusBarStyleDefault;
				INFOPLIST_KEY_UISupportedInterfaceOrientations_iPad = "UIInterfaceOrientationPortrait UIInterfaceOrientationPortraitUpsideDown UIInterfaceOrientationLandscapeLeft UIInterfaceOrientationLandscapeRight";
				INFOPLIST_KEY_UISupportedInterfaceOrientations_iPhone = "UIInterfaceOrientationPortrait UIInterfaceOrientationLandscapeLeft UIInterfaceOrientationLandscapeRight";
				IPHONEOS_DEPLOYMENT_TARGET = 18.2;
				LD_RUNPATH_SEARCH_PATHS = "@executable_path/Frameworks";
				"LD_RUNPATH_SEARCH_PATHS[sdk=macosx*]" = "@executable_path/../Frameworks";
				MACOSX_DEPLOYMENT_TARGET = 15.2;
				MARKETING_VERSION = 1.0;
				PRODUCT_BUNDLE_IDENTIFIER = com.jeffwhite.MuzakTunes;
				PRODUCT_NAME = "$(TARGET_NAME)";
				SDKROOT = auto;
				SUPPORTED_PLATFORMS = "iphoneos iphonesimulator macosx xros xrsimulator";
				SWIFT_EMIT_LOC_STRINGS = YES;
				SWIFT_VERSION = 5.0;
				TARGETED_DEVICE_FAMILY = "1,2,7";
				XROS_DEPLOYMENT_TARGET = 2.2;
			};
			name = Debug;
		};
		EE0B31A42D80D0D600DB0EC0 /* Release */ = {
			isa = XCBuildConfiguration;
			baseConfigurationReference = 5087CCDE1878213CC9B5CA17 /* Pods-MuzakTunes.release.xcconfig */;
			buildSettings = {
				ASSETCATALOG_COMPILER_APPICON_NAME = AppIcon;
				ASSETCATALOG_COMPILER_GLOBAL_ACCENT_COLOR_NAME = AccentColor;
				CODE_SIGN_ENTITLEMENTS = MuzakTunes/MuzakTunes.entitlements;
				CODE_SIGN_STYLE = Automatic;
				CURRENT_PROJECT_VERSION = 1;
				DEVELOPMENT_ASSET_PATHS = "\"MuzakTunes/Preview Content\"";
				DEVELOPMENT_TEAM = D4KW6R627K;
				ENABLE_HARDENED_RUNTIME = YES;
				ENABLE_PREVIEWS = YES;
				GENERATE_INFOPLIST_FILE = YES;
				"INFOPLIST_KEY_UIApplicationSceneManifest_Generation[sdk=iphoneos*]" = YES;
				"INFOPLIST_KEY_UIApplicationSceneManifest_Generation[sdk=iphonesimulator*]" = YES;
				"INFOPLIST_KEY_UIApplicationSupportsIndirectInputEvents[sdk=iphoneos*]" = YES;
				"INFOPLIST_KEY_UIApplicationSupportsIndirectInputEvents[sdk=iphonesimulator*]" = YES;
				"INFOPLIST_KEY_UILaunchScreen_Generation[sdk=iphoneos*]" = YES;
				"INFOPLIST_KEY_UILaunchScreen_Generation[sdk=iphonesimulator*]" = YES;
				"INFOPLIST_KEY_UIStatusBarStyle[sdk=iphoneos*]" = UIStatusBarStyleDefault;
				"INFOPLIST_KEY_UIStatusBarStyle[sdk=iphonesimulator*]" = UIStatusBarStyleDefault;
				INFOPLIST_KEY_UISupportedInterfaceOrientations_iPad = "UIInterfaceOrientationPortrait UIInterfaceOrientationPortraitUpsideDown UIInterfaceOrientationLandscapeLeft UIInterfaceOrientationLandscapeRight";
				INFOPLIST_KEY_UISupportedInterfaceOrientations_iPhone = "UIInterfaceOrientationPortrait UIInterfaceOrientationLandscapeLeft UIInterfaceOrientationLandscapeRight";
				IPHONEOS_DEPLOYMENT_TARGET = 18.2;
				LD_RUNPATH_SEARCH_PATHS = "@executable_path/Frameworks";
				"LD_RUNPATH_SEARCH_PATHS[sdk=macosx*]" = "@executable_path/../Frameworks";
				MACOSX_DEPLOYMENT_TARGET = 15.2;
				MARKETING_VERSION = 1.0;
				PRODUCT_BUNDLE_IDENTIFIER = com.jeffwhite.MuzakTunes;
				PRODUCT_NAME = "$(TARGET_NAME)";
				SDKROOT = auto;
				SUPPORTED_PLATFORMS = "iphoneos iphonesimulator macosx xros xrsimulator";
				SWIFT_EMIT_LOC_STRINGS = YES;
				SWIFT_VERSION = 5.0;
				TARGETED_DEVICE_FAMILY = "1,2,7";
				XROS_DEPLOYMENT_TARGET = 2.2;
			};
			name = Release;
		};
		EE0B31A62D80D0D600DB0EC0 /* Debug */ = {
			isa = XCBuildConfiguration;
			baseConfigurationReference = 271AC82475FAA1865B45D3A1 /* Pods-MuzakTunesTests.debug.xcconfig */;
			buildSettings = {
				BUNDLE_LOADER = "$(TEST_HOST)";
				CODE_SIGN_STYLE = Automatic;
				CURRENT_PROJECT_VERSION = 1;
				DEVELOPMENT_TEAM = D4KW6R627K;
				GENERATE_INFOPLIST_FILE = YES;
				IPHONEOS_DEPLOYMENT_TARGET = 18.2;
				MACOSX_DEPLOYMENT_TARGET = 15.2;
				MARKETING_VERSION = 1.0;
				PRODUCT_BUNDLE_IDENTIFIER = com.jeffwhite.MuzakTunesTests;
				PRODUCT_NAME = "$(TARGET_NAME)";
				SDKROOT = auto;
				SUPPORTED_PLATFORMS = "iphoneos iphonesimulator macosx xros xrsimulator";
				SWIFT_EMIT_LOC_STRINGS = NO;
				SWIFT_VERSION = 5.0;
				TARGETED_DEVICE_FAMILY = "1,2,7";
				TEST_HOST = "$(BUILT_PRODUCTS_DIR)/MuzakTunes.app/$(BUNDLE_EXECUTABLE_FOLDER_PATH)/MuzakTunes";
				XROS_DEPLOYMENT_TARGET = 2.2;
			};
			name = Debug;
		};
		EE0B31A72D80D0D600DB0EC0 /* Release */ = {
			isa = XCBuildConfiguration;
			baseConfigurationReference = AA8AE60275BEC902F81630B5 /* Pods-MuzakTunesTests.release.xcconfig */;
			buildSettings = {
				BUNDLE_LOADER = "$(TEST_HOST)";
				CODE_SIGN_STYLE = Automatic;
				CURRENT_PROJECT_VERSION = 1;
				DEVELOPMENT_TEAM = D4KW6R627K;
				GENERATE_INFOPLIST_FILE = YES;
				IPHONEOS_DEPLOYMENT_TARGET = 18.2;
				MACOSX_DEPLOYMENT_TARGET = 15.2;
				MARKETING_VERSION = 1.0;
				PRODUCT_BUNDLE_IDENTIFIER = com.jeffwhite.MuzakTunesTests;
				PRODUCT_NAME = "$(TARGET_NAME)";
				SDKROOT = auto;
				SUPPORTED_PLATFORMS = "iphoneos iphonesimulator macosx xros xrsimulator";
				SWIFT_EMIT_LOC_STRINGS = NO;
				SWIFT_VERSION = 5.0;
				TARGETED_DEVICE_FAMILY = "1,2,7";
				TEST_HOST = "$(BUILT_PRODUCTS_DIR)/MuzakTunes.app/$(BUNDLE_EXECUTABLE_FOLDER_PATH)/MuzakTunes";
				XROS_DEPLOYMENT_TARGET = 2.2;
			};
			name = Release;
		};
		EE0B31A92D80D0D600DB0EC0 /* Debug */ = {
			isa = XCBuildConfiguration;
			baseConfigurationReference = CD652D633FD427C7F7E53D51 /* Pods-MuzakTunes-MuzakTunesUITests.debug.xcconfig */;
			buildSettings = {
				CODE_SIGN_STYLE = Automatic;
				CURRENT_PROJECT_VERSION = 1;
				DEVELOPMENT_TEAM = D4KW6R627K;
				GENERATE_INFOPLIST_FILE = YES;
				IPHONEOS_DEPLOYMENT_TARGET = 18.2;
				MACOSX_DEPLOYMENT_TARGET = 15.2;
				MARKETING_VERSION = 1.0;
				PRODUCT_BUNDLE_IDENTIFIER = com.jeffwhite.MuzakTunesUITests;
				PRODUCT_NAME = "$(TARGET_NAME)";
				SDKROOT = auto;
				SUPPORTED_PLATFORMS = "iphoneos iphonesimulator macosx xros xrsimulator";
				SWIFT_EMIT_LOC_STRINGS = NO;
				SWIFT_VERSION = 5.0;
				TARGETED_DEVICE_FAMILY = "1,2,7";
				TEST_TARGET_NAME = MuzakTunes;
				XROS_DEPLOYMENT_TARGET = 2.2;
			};
			name = Debug;
		};
		EE0B31AA2D80D0D600DB0EC0 /* Release */ = {
			isa = XCBuildConfiguration;
			baseConfigurationReference = 37FB4470A88C2C0787BC0753 /* Pods-MuzakTunes-MuzakTunesUITests.release.xcconfig */;
			buildSettings = {
				CODE_SIGN_STYLE = Automatic;
				CURRENT_PROJECT_VERSION = 1;
				DEVELOPMENT_TEAM = D4KW6R627K;
				GENERATE_INFOPLIST_FILE = YES;
				IPHONEOS_DEPLOYMENT_TARGET = 18.2;
				MACOSX_DEPLOYMENT_TARGET = 15.2;
				MARKETING_VERSION = 1.0;
				PRODUCT_BUNDLE_IDENTIFIER = com.jeffwhite.MuzakTunesUITests;
				PRODUCT_NAME = "$(TARGET_NAME)";
				SDKROOT = auto;
				SUPPORTED_PLATFORMS = "iphoneos iphonesimulator macosx xros xrsimulator";
				SWIFT_EMIT_LOC_STRINGS = NO;
				SWIFT_VERSION = 5.0;
				TARGETED_DEVICE_FAMILY = "1,2,7";
				TEST_TARGET_NAME = MuzakTunes;
				XROS_DEPLOYMENT_TARGET = 2.2;
			};
			name = Release;
		};
/* End XCBuildConfiguration section */

/* Begin XCConfigurationList section */
		EE0B31782D80D0D500DB0EC0 /* Build configuration list for PBXProject "MuzakTunes" */ = {
			isa = XCConfigurationList;
			buildConfigurations = (
				EE0B31A02D80D0D600DB0EC0 /* Debug */,
				EE0B31A12D80D0D600DB0EC0 /* Release */,
			);
			defaultConfigurationIsVisible = 0;
			defaultConfigurationName = Release;
		};
		EE0B31A22D80D0D600DB0EC0 /* Build configuration list for PBXNativeTarget "MuzakTunes" */ = {
			isa = XCConfigurationList;
			buildConfigurations = (
				EE0B31A32D80D0D600DB0EC0 /* Debug */,
				EE0B31A42D80D0D600DB0EC0 /* Release */,
			);
			defaultConfigurationIsVisible = 0;
			defaultConfigurationName = Release;
		};
		EE0B31A52D80D0D600DB0EC0 /* Build configuration list for PBXNativeTarget "MuzakTunesTests" */ = {
			isa = XCConfigurationList;
			buildConfigurations = (
				EE0B31A62D80D0D600DB0EC0 /* Debug */,
				EE0B31A72D80D0D600DB0EC0 /* Release */,
			);
			defaultConfigurationIsVisible = 0;
			defaultConfigurationName = Release;
		};
		EE0B31A82D80D0D600DB0EC0 /* Build configuration list for PBXNativeTarget "MuzakTunesUITests" */ = {
			isa = XCConfigurationList;
			buildConfigurations = (
				EE0B31A92D80D0D600DB0EC0 /* Debug */,
				EE0B31AA2D80D0D600DB0EC0 /* Release */,
			);
			defaultConfigurationIsVisible = 0;
			defaultConfigurationName = Release;
		};
/* End XCConfigurationList section */
	};
	rootObject = EE0B31752D80D0D500DB0EC0 /* Project object */;
}
